// !$*UTF8*$!
{
	archiveVersion = 1;
	classes = {
	};
	objectVersion = 56;
	objects = {

/* Begin PBXBuildFile section */
		773089322C4407B000933E51 /* FilteredListView.swift in Sources */ = {isa = PBXBuildFile; fileRef = 773089312C4407B000933E51 /* FilteredListView.swift */; };
		775C9DF82C42A8900053BC63 /* CustomCategoryPicker.swift in Sources */ = {isa = PBXBuildFile; fileRef = 775C9DF72C42A8900053BC63 /* CustomCategoryPicker.swift */; };
		778EE3E42C3E9B7D00FE70DD /* BirthdayHarbingerApp.swift in Sources */ = {isa = PBXBuildFile; fileRef = 778EE3E32C3E9B7D00FE70DD /* BirthdayHarbingerApp.swift */; };
		778EE3E82C3E9B7E00FE70DD /* Assets.xcassets in Resources */ = {isa = PBXBuildFile; fileRef = 778EE3E72C3E9B7E00FE70DD /* Assets.xcassets */; };
		778EE3EB2C3E9B7E00FE70DD /* Preview Assets.xcassets in Resources */ = {isa = PBXBuildFile; fileRef = 778EE3EA2C3E9B7E00FE70DD /* Preview Assets.xcassets */; };
		778EE3FB2C3E9C4200FE70DD /* DateFormatter+Ext.swift in Sources */ = {isa = PBXBuildFile; fileRef = 778EE3FA2C3E9C4200FE70DD /* DateFormatter+Ext.swift */; };
		778EE3FF2C3E9C6600FE70DD /* Category.swift in Sources */ = {isa = PBXBuildFile; fileRef = 778EE3FE2C3E9C6600FE70DD /* Category.swift */; };
		778EE4012C3E9CA600FE70DD /* ListCell.swift in Sources */ = {isa = PBXBuildFile; fileRef = 778EE4002C3E9CA600FE70DD /* ListCell.swift */; };
		778EE4042C3E9CB500FE70DD /* AddNewPersonScreen.swift in Sources */ = {isa = PBXBuildFile; fileRef = 778EE4022C3E9CB500FE70DD /* AddNewPersonScreen.swift */; };
		778EE4052C3E9CB500FE70DD /* ListScreen.swift in Sources */ = {isa = PBXBuildFile; fileRef = 778EE4032C3E9CB500FE70DD /* ListScreen.swift */; };
		778EE4092C400E0C00FE70DD /* _Person.swift in Sources */ = {isa = PBXBuildFile; fileRef = 778EE4082C400E0C00FE70DD /* _Person.swift */; };
/* End PBXBuildFile section */

/* Begin PBXFileReference section */
		773089312C4407B000933E51 /* FilteredListView.swift */ = {isa = PBXFileReference; lastKnownFileType = sourcecode.swift; path = FilteredListView.swift; sourceTree = "<group>"; };
		775C9DF72C42A8900053BC63 /* CustomCategoryPicker.swift */ = {isa = PBXFileReference; lastKnownFileType = sourcecode.swift; path = CustomCategoryPicker.swift; sourceTree = "<group>"; };
		778EE3E02C3E9B7D00FE70DD /* BirthdayHarbinger.app */ = {isa = PBXFileReference; explicitFileType = wrapper.application; includeInIndex = 0; path = BirthdayHarbinger.app; sourceTree = BUILT_PRODUCTS_DIR; };
		778EE3E32C3E9B7D00FE70DD /* BirthdayHarbingerApp.swift */ = {isa = PBXFileReference; lastKnownFileType = sourcecode.swift; path = BirthdayHarbingerApp.swift; sourceTree = "<group>"; };
		778EE3E72C3E9B7E00FE70DD /* Assets.xcassets */ = {isa = PBXFileReference; lastKnownFileType = folder.assetcatalog; path = Assets.xcassets; sourceTree = "<group>"; };
		778EE3EA2C3E9B7E00FE70DD /* Preview Assets.xcassets */ = {isa = PBXFileReference; lastKnownFileType = folder.assetcatalog; path = "Preview Assets.xcassets"; sourceTree = "<group>"; };
		778EE3FA2C3E9C4200FE70DD /* DateFormatter+Ext.swift */ = {isa = PBXFileReference; fileEncoding = 4; lastKnownFileType = sourcecode.swift; path = "DateFormatter+Ext.swift"; sourceTree = "<group>"; };
		778EE3FE2C3E9C6600FE70DD /* Category.swift */ = {isa = PBXFileReference; fileEncoding = 4; lastKnownFileType = sourcecode.swift; path = Category.swift; sourceTree = "<group>"; };
		778EE4002C3E9CA600FE70DD /* ListCell.swift */ = {isa = PBXFileReference; fileEncoding = 4; lastKnownFileType = sourcecode.swift; path = ListCell.swift; sourceTree = "<group>"; };
		778EE4022C3E9CB500FE70DD /* AddNewPersonScreen.swift */ = {isa = PBXFileReference; fileEncoding = 4; lastKnownFileType = sourcecode.swift; path = AddNewPersonScreen.swift; sourceTree = "<group>"; };
		778EE4032C3E9CB500FE70DD /* ListScreen.swift */ = {isa = PBXFileReference; fileEncoding = 4; lastKnownFileType = sourcecode.swift; path = ListScreen.swift; sourceTree = "<group>"; };
		778EE4082C400E0C00FE70DD /* _Person.swift */ = {isa = PBXFileReference; lastKnownFileType = sourcecode.swift; path = _Person.swift; sourceTree = "<group>"; };
/* End PBXFileReference section */

/* Begin PBXFrameworksBuildPhase section */
		778EE3DD2C3E9B7D00FE70DD /* Frameworks */ = {
			isa = PBXFrameworksBuildPhase;
			buildActionMask = 2147483647;
			files = (
			);
			runOnlyForDeploymentPostprocessing = 0;
		};
/* End PBXFrameworksBuildPhase section */

/* Begin PBXGroup section */
		778EE3D72C3E9B7D00FE70DD = {
			isa = PBXGroup;
			children = (
				778EE3E22C3E9B7D00FE70DD /* BirthdayHarbinger */,
				778EE3E12C3E9B7D00FE70DD /* Products */,
			);
			sourceTree = "<group>";
		};
		778EE3E12C3E9B7D00FE70DD /* Products */ = {
			isa = PBXGroup;
			children = (
				778EE3E02C3E9B7D00FE70DD /* BirthdayHarbinger.app */,
			);
			name = Products;
			sourceTree = "<group>";
		};
		778EE3E22C3E9B7D00FE70DD /* BirthdayHarbinger */ = {
			isa = PBXGroup;
			children = (
				778EE3F12C3E9BE100FE70DD /* App */,
				778EE3F72C3E9C0D00FE70DD /* Extension */,
				778EE3F62C3E9C0500FE70DD /* Utilities */,
				778EE3F52C3E9BFA00FE70DD /* Managers */,
				778EE3F42C3E9BF200FE70DD /* Models */,
				778EE3F22C3E9BE700FE70DD /* Views */,
				778EE3E72C3E9B7E00FE70DD /* Assets.xcassets */,
				778EE3E92C3E9B7E00FE70DD /* Preview Content */,
			);
			path = BirthdayHarbinger;
			sourceTree = "<group>";
		};
		778EE3E92C3E9B7E00FE70DD /* Preview Content */ = {
			isa = PBXGroup;
			children = (
				778EE3EA2C3E9B7E00FE70DD /* Preview Assets.xcassets */,
			);
			path = "Preview Content";
			sourceTree = "<group>";
		};
		778EE3F12C3E9BE100FE70DD /* App */ = {
			isa = PBXGroup;
			children = (
				778EE3E32C3E9B7D00FE70DD /* BirthdayHarbingerApp.swift */,
			);
			path = App;
			sourceTree = "<group>";
		};
		778EE3F22C3E9BE700FE70DD /* Views */ = {
			isa = PBXGroup;
			children = (
				778EE3F82C3E9C1500FE70DD /* Screens */,
				778EE3F92C3E9C1B00FE70DD /* CustomViews */,
			);
			path = Views;
			sourceTree = "<group>";
		};
		778EE3F42C3E9BF200FE70DD /* Models */ = {
			isa = PBXGroup;
			children = (
				778EE4082C400E0C00FE70DD /* _Person.swift */,
				778EE3FE2C3E9C6600FE70DD /* Category.swift */,
			);
			path = Models;
			sourceTree = "<group>";
		};
		778EE3F52C3E9BFA00FE70DD /* Managers */ = {
			isa = PBXGroup;
			children = (
			);
			path = Managers;
			sourceTree = "<group>";
		};
		778EE3F62C3E9C0500FE70DD /* Utilities */ = {
			isa = PBXGroup;
			children = (
			);
			path = Utilities;
			sourceTree = "<group>";
		};
		778EE3F72C3E9C0D00FE70DD /* Extension */ = {
			isa = PBXGroup;
			children = (
				778EE3FA2C3E9C4200FE70DD /* DateFormatter+Ext.swift */,
			);
			path = Extension;
			sourceTree = "<group>";
		};
		778EE3F82C3E9C1500FE70DD /* Screens */ = {
			isa = PBXGroup;
			children = (
				778EE4032C3E9CB500FE70DD /* ListScreen.swift */,
				778EE4022C3E9CB500FE70DD /* AddNewPersonScreen.swift */,
			);
			path = Screens;
			sourceTree = "<group>";
		};
		778EE3F92C3E9C1B00FE70DD /* CustomViews */ = {
			isa = PBXGroup;
			children = (
				773089312C4407B000933E51 /* FilteredListView.swift */,
				778EE4002C3E9CA600FE70DD /* ListCell.swift */,
				775C9DF72C42A8900053BC63 /* CustomCategoryPicker.swift */,
			);
			path = CustomViews;
			sourceTree = "<group>";
		};
/* End PBXGroup section */

/* Begin PBXNativeTarget section */
		778EE3DF2C3E9B7D00FE70DD /* BirthdayHarbinger */ = {
			isa = PBXNativeTarget;
			buildConfigurationList = 778EE3EE2C3E9B7E00FE70DD /* Build configuration list for PBXNativeTarget "BirthdayHarbinger" */;
			buildPhases = (
				778EE3DC2C3E9B7D00FE70DD /* Sources */,
				778EE3DD2C3E9B7D00FE70DD /* Frameworks */,
				778EE3DE2C3E9B7D00FE70DD /* Resources */,
			);
			buildRules = (
			);
			dependencies = (
			);
			name = BirthdayHarbinger;
			productName = BirthdayHarbinger;
			productReference = 778EE3E02C3E9B7D00FE70DD /* BirthdayHarbinger.app */;
			productType = "com.apple.product-type.application";
		};
/* End PBXNativeTarget section */

/* Begin PBXProject section */
		778EE3D82C3E9B7D00FE70DD /* Project object */ = {
			isa = PBXProject;
			attributes = {
				BuildIndependentTargetsInParallel = 1;
				LastSwiftUpdateCheck = 1540;
				LastUpgradeCheck = 1540;
				TargetAttributes = {
					778EE3DF2C3E9B7D00FE70DD = {
						CreatedOnToolsVersion = 15.4;
					};
				};
			};
			buildConfigurationList = 778EE3DB2C3E9B7D00FE70DD /* Build configuration list for PBXProject "BirthdayHarbinger" */;
			compatibilityVersion = "Xcode 14.0";
			developmentRegion = en;
			hasScannedForEncodings = 0;
			knownRegions = (
				en,
				Base,
			);
			mainGroup = 778EE3D72C3E9B7D00FE70DD;
			productRefGroup = 778EE3E12C3E9B7D00FE70DD /* Products */;
			projectDirPath = "";
			projectRoot = "";
			targets = (
				778EE3DF2C3E9B7D00FE70DD /* BirthdayHarbinger */,
			);
		};
/* End PBXProject section */

/* Begin PBXResourcesBuildPhase section */
		778EE3DE2C3E9B7D00FE70DD /* Resources */ = {
			isa = PBXResourcesBuildPhase;
			buildActionMask = 2147483647;
			files = (
				778EE3EB2C3E9B7E00FE70DD /* Preview Assets.xcassets in Resources */,
				778EE3E82C3E9B7E00FE70DD /* Assets.xcassets in Resources */,
			);
			runOnlyForDeploymentPostprocessing = 0;
		};
/* End PBXResourcesBuildPhase section */

/* Begin PBXSourcesBuildPhase section */
		778EE3DC2C3E9B7D00FE70DD /* Sources */ = {
			isa = PBXSourcesBuildPhase;
			buildActionMask = 2147483647;
			files = (
				778EE4052C3E9CB500FE70DD /* ListScreen.swift in Sources */,
				778EE3FB2C3E9C4200FE70DD /* DateFormatter+Ext.swift in Sources */,
				773089322C4407B000933E51 /* FilteredListView.swift in Sources */,
				778EE3E42C3E9B7D00FE70DD /* BirthdayHarbingerApp.swift in Sources */,
				778EE4042C3E9CB500FE70DD /* AddNewPersonScreen.swift in Sources */,
				775C9DF82C42A8900053BC63 /* CustomCategoryPicker.swift in Sources */,
				778EE4012C3E9CA600FE70DD /* ListCell.swift in Sources */,
				778EE4092C400E0C00FE70DD /* _Person.swift in Sources */,
				778EE3FF2C3E9C6600FE70DD /* Category.swift in Sources */,
			);
			runOnlyForDeploymentPostprocessing = 0;
		};
/* End PBXSourcesBuildPhase section */

/* Begin XCBuildConfiguration section */
		778EE3EC2C3E9B7E00FE70DD /* Debug */ = {
			isa = XCBuildConfiguration;
			buildSettings = {
				ALWAYS_SEARCH_USER_PATHS = NO;
				ASSETCATALOG_COMPILER_GENERATE_SWIFT_ASSET_SYMBOL_EXTENSIONS = YES;
				CLANG_ANALYZER_NONNULL = YES;
				CLANG_ANALYZER_NUMBER_OBJECT_CONVERSION = YES_AGGRESSIVE;
				CLANG_CXX_LANGUAGE_STANDARD = "gnu++20";
				CLANG_ENABLE_MODULES = YES;
				CLANG_ENABLE_OBJC_ARC = YES;
				CLANG_ENABLE_OBJC_WEAK = YES;
				CLANG_WARN_BLOCK_CAPTURE_AUTORELEASING = YES;
				CLANG_WARN_BOOL_CONVERSION = YES;
				CLANG_WARN_COMMA = YES;
				CLANG_WARN_CONSTANT_CONVERSION = YES;
				CLANG_WARN_DEPRECATED_OBJC_IMPLEMENTATIONS = YES;
				CLANG_WARN_DIRECT_OBJC_ISA_USAGE = YES_ERROR;
				CLANG_WARN_DOCUMENTATION_COMMENTS = YES;
				CLANG_WARN_EMPTY_BODY = YES;
				CLANG_WARN_ENUM_CONVERSION = YES;
				CLANG_WARN_INFINITE_RECURSION = YES;
				CLANG_WARN_INT_CONVERSION = YES;
				CLANG_WARN_NON_LITERAL_NULL_CONVERSION = YES;
				CLANG_WARN_OBJC_IMPLICIT_RETAIN_SELF = YES;
				CLANG_WARN_OBJC_LITERAL_CONVERSION = YES;
				CLANG_WARN_OBJC_ROOT_CLASS = YES_ERROR;
				CLANG_WARN_QUOTED_INCLUDE_IN_FRAMEWORK_HEADER = YES;
				CLANG_WARN_RANGE_LOOP_ANALYSIS = YES;
				CLANG_WARN_STRICT_PROTOTYPES = YES;
				CLANG_WARN_SUSPICIOUS_MOVE = YES;
				CLANG_WARN_UNGUARDED_AVAILABILITY = YES_AGGRESSIVE;
				CLANG_WARN_UNREACHABLE_CODE = YES;
				CLANG_WARN__DUPLICATE_METHOD_MATCH = YES;
				COPY_PHASE_STRIP = NO;
				DEBUG_INFORMATION_FORMAT = dwarf;
				ENABLE_STRICT_OBJC_MSGSEND = YES;
				ENABLE_TESTABILITY = YES;
				ENABLE_USER_SCRIPT_SANDBOXING = YES;
				GCC_C_LANGUAGE_STANDARD = gnu17;
				GCC_DYNAMIC_NO_PIC = NO;
				GCC_NO_COMMON_BLOCKS = YES;
				GCC_OPTIMIZATION_LEVEL = 0;
				GCC_PREPROCESSOR_DEFINITIONS = (
					"DEBUG=1",
					"$(inherited)",
				);
				GCC_WARN_64_TO_32_BIT_CONVERSION = YES;
				GCC_WARN_ABOUT_RETURN_TYPE = YES_ERROR;
				GCC_WARN_UNDECLARED_SELECTOR = YES;
				GCC_WARN_UNINITIALIZED_AUTOS = YES_AGGRESSIVE;
				GCC_WARN_UNUSED_FUNCTION = YES;
				GCC_WARN_UNUSED_VARIABLE = YES;
				IPHONEOS_DEPLOYMENT_TARGET = 17.5;
				LOCALIZATION_PREFERS_STRING_CATALOGS = YES;
				MTL_ENABLE_DEBUG_INFO = INCLUDE_SOURCE;
				MTL_FAST_MATH = YES;
				ONLY_ACTIVE_ARCH = YES;
				SDKROOT = iphoneos;
				SWIFT_ACTIVE_COMPILATION_CONDITIONS = "DEBUG $(inherited)";
				SWIFT_OPTIMIZATION_LEVEL = "-Onone";
			};
			name = Debug;
		};
		778EE3ED2C3E9B7E00FE70DD /* Release */ = {
			isa = XCBuildConfiguration;
			buildSettings = {
				ALWAYS_SEARCH_USER_PATHS = NO;
				ASSETCATALOG_COMPILER_GENERATE_SWIFT_ASSET_SYMBOL_EXTENSIONS = YES;
				CLANG_ANALYZER_NONNULL = YES;
				CLANG_ANALYZER_NUMBER_OBJECT_CONVERSION = YES_AGGRESSIVE;
				CLANG_CXX_LANGUAGE_STANDARD = "gnu++20";
				CLANG_ENABLE_MODULES = YES;
				CLANG_ENABLE_OBJC_ARC = YES;
				CLANG_ENABLE_OBJC_WEAK = YES;
				CLANG_WARN_BLOCK_CAPTURE_AUTORELEASING = YES;
				CLANG_WARN_BOOL_CONVERSION = YES;
				CLANG_WARN_COMMA = YES;
				CLANG_WARN_CONSTANT_CONVERSION = YES;
				CLANG_WARN_DEPRECATED_OBJC_IMPLEMENTATIONS = YES;
				CLANG_WARN_DIRECT_OBJC_ISA_USAGE = YES_ERROR;
				CLANG_WARN_DOCUMENTATION_COMMENTS = YES;
				CLANG_WARN_EMPTY_BODY = YES;
				CLANG_WARN_ENUM_CONVERSION = YES;
				CLANG_WARN_INFINITE_RECURSION = YES;
				CLANG_WARN_INT_CONVERSION = YES;
				CLANG_WARN_NON_LITERAL_NULL_CONVERSION = YES;
				CLANG_WARN_OBJC_IMPLICIT_RETAIN_SELF = YES;
				CLANG_WARN_OBJC_LITERAL_CONVERSION = YES;
				CLANG_WARN_OBJC_ROOT_CLASS = YES_ERROR;
				CLANG_WARN_QUOTED_INCLUDE_IN_FRAMEWORK_HEADER = YES;
				CLANG_WARN_RANGE_LOOP_ANALYSIS = YES;
				CLANG_WARN_STRICT_PROTOTYPES = YES;
				CLANG_WARN_SUSPICIOUS_MOVE = YES;
				CLANG_WARN_UNGUARDED_AVAILABILITY = YES_AGGRESSIVE;
				CLANG_WARN_UNREACHABLE_CODE = YES;
				CLANG_WARN__DUPLICATE_METHOD_MATCH = YES;
				COPY_PHASE_STRIP = NO;
				DEBUG_INFORMATION_FORMAT = "dwarf-with-dsym";
				ENABLE_NS_ASSERTIONS = NO;
				ENABLE_STRICT_OBJC_MSGSEND = YES;
				ENABLE_USER_SCRIPT_SANDBOXING = YES;
				GCC_C_LANGUAGE_STANDARD = gnu17;
				GCC_NO_COMMON_BLOCKS = YES;
				GCC_WARN_64_TO_32_BIT_CONVERSION = YES;
				GCC_WARN_ABOUT_RETURN_TYPE = YES_ERROR;
				GCC_WARN_UNDECLARED_SELECTOR = YES;
				GCC_WARN_UNINITIALIZED_AUTOS = YES_AGGRESSIVE;
				GCC_WARN_UNUSED_FUNCTION = YES;
				GCC_WARN_UNUSED_VARIABLE = YES;
				IPHONEOS_DEPLOYMENT_TARGET = 17.5;
				LOCALIZATION_PREFERS_STRING_CATALOGS = YES;
				MTL_ENABLE_DEBUG_INFO = NO;
				MTL_FAST_MATH = YES;
				SDKROOT = iphoneos;
				SWIFT_COMPILATION_MODE = wholemodule;
				VALIDATE_PRODUCT = YES;
			};
			name = Release;
		};
		778EE3EF2C3E9B7E00FE70DD /* Debug */ = {
			isa = XCBuildConfiguration;
			buildSettings = {
				ASSETCATALOG_COMPILER_APPICON_NAME = AppIcon;
				ASSETCATALOG_COMPILER_GLOBAL_ACCENT_COLOR_NAME = AccentColor;
				CODE_SIGN_STYLE = Automatic;
				CURRENT_PROJECT_VERSION = 1;
				DEVELOPMENT_ASSET_PATHS = "\"BirthdayHarbinger/Preview Content\"";
				DEVELOPMENT_TEAM = 76ZJ9H6F4F;
				ENABLE_PREVIEWS = YES;
				GENERATE_INFOPLIST_FILE = YES;
				INFOPLIST_KEY_UIApplicationSceneManifest_Generation = YES;
				INFOPLIST_KEY_UIApplicationSupportsIndirectInputEvents = YES;
				INFOPLIST_KEY_UILaunchScreen_Generation = YES;
				INFOPLIST_KEY_UISupportedInterfaceOrientations_iPad = "UIInterfaceOrientationPortrait UIInterfaceOrientationPortraitUpsideDown UIInterfaceOrientationLandscapeLeft UIInterfaceOrientationLandscapeRight";
				INFOPLIST_KEY_UISupportedInterfaceOrientations_iPhone = "UIInterfaceOrientationPortrait UIInterfaceOrientationLandscapeLeft UIInterfaceOrientationLandscapeRight";
				LD_RUNPATH_SEARCH_PATHS = (
					"$(inherited)",
					"@executable_path/Frameworks",
				);
				MARKETING_VERSION = 1.0;
				PRODUCT_BUNDLE_IDENTIFIER = com.ozguncanbeydili.BirthdayHarbinger;
				PRODUCT_NAME = "$(TARGET_NAME)";
				SWIFT_EMIT_LOC_STRINGS = YES;
				SWIFT_VERSION = 5.0;
				TARGETED_DEVICE_FAMILY = "1,2";
			};
			name = Debug;
		};
		778EE3F02C3E9B7E00FE70DD /* Release */ = {
			isa = XCBuildConfiguration;
			buildSettings = {
				ASSETCATALOG_COMPILER_APPICON_NAME = AppIcon;
				ASSETCATALOG_COMPILER_GLOBAL_ACCENT_COLOR_NAME = AccentColor;
				CODE_SIGN_STYLE = Automatic;
				CURRENT_PROJECT_VERSION = 1;
				DEVELOPMENT_ASSET_PATHS = "\"BirthdayHarbinger/Preview Content\"";
				DEVELOPMENT_TEAM = 76ZJ9H6F4F;
				ENABLE_PREVIEWS = YES;
				GENERATE_INFOPLIST_FILE = YES;
				INFOPLIST_KEY_UIApplicationSceneManifest_Generation = YES;
				INFOPLIST_KEY_UIApplicationSupportsIndirectInputEvents = YES;
				INFOPLIST_KEY_UILaunchScreen_Generation = YES;
				INFOPLIST_KEY_UISupportedInterfaceOrientations_iPad = "UIInterfaceOrientationPortrait UIInterfaceOrientationPortraitUpsideDown UIInterfaceOrientationLandscapeLeft UIInterfaceOrientationLandscapeRight";
				INFOPLIST_KEY_UISupportedInterfaceOrientations_iPhone = "UIInterfaceOrientationPortrait UIInterfaceOrientationLandscapeLeft UIInterfaceOrientationLandscapeRight";
				LD_RUNPATH_SEARCH_PATHS = (
					"$(inherited)",
					"@executable_path/Frameworks",
				);
				MARKETING_VERSION = 1.0;
				PRODUCT_BUNDLE_IDENTIFIER = com.ozguncanbeydili.BirthdayHarbinger;
				PRODUCT_NAME = "$(TARGET_NAME)";
				SWIFT_EMIT_LOC_STRINGS = YES;
				SWIFT_VERSION = 5.0;
				TARGETED_DEVICE_FAMILY = "1,2";
			};
			name = Release;
		};
/* End XCBuildConfiguration section */

/* Begin XCConfigurationList section */
		778EE3DB2C3E9B7D00FE70DD /* Build configuration list for PBXProject "BirthdayHarbinger" */ = {
			isa = XCConfigurationList;
			buildConfigurations = (
				778EE3EC2C3E9B7E00FE70DD /* Debug */,
				778EE3ED2C3E9B7E00FE70DD /* Release */,
			);
			defaultConfigurationIsVisible = 0;
			defaultConfigurationName = Release;
		};
		778EE3EE2C3E9B7E00FE70DD /* Build configuration list for PBXNativeTarget "BirthdayHarbinger" */ = {
			isa = XCConfigurationList;
			buildConfigurations = (
				778EE3EF2C3E9B7E00FE70DD /* Debug */,
				778EE3F02C3E9B7E00FE70DD /* Release */,
			);
			defaultConfigurationIsVisible = 0;
			defaultConfigurationName = Release;
		};
/* End XCConfigurationList section */
	};
	rootObject = 778EE3D82C3E9B7D00FE70DD /* Project object */;
}
